// !$*UTF8*$!
{
	archiveVersion = 1;
	classes = {
	};
	objectVersion = 55;
	objects = {

/* Begin PBXBuildFile section */
		1B2C39812731EDD7001BA105 /* Pie.swift in Sources */ = {isa = PBXBuildFile; fileRef = 1B2C39802731EDD7001BA105 /* Pie.swift */; };
		1B2C3983273208DA001BA105 /* Cardify.swift in Sources */ = {isa = PBXBuildFile; fileRef = 1B2C3982273208DA001BA105 /* Cardify.swift */; };
		1B4948762730B7DB00F30800 /* AspectVGrid.swift in Sources */ = {isa = PBXBuildFile; fileRef = 1B4948752730B7DB00F30800 /* AspectVGrid.swift */; };
		1BFC48DC2728AC1500C50CCD /* MemoizationApp.swift in Sources */ = {isa = PBXBuildFile; fileRef = 1BFC48DB2728AC1500C50CCD /* MemoizationApp.swift */; };
		1BFC48DE2728AC1500C50CCD /* EmojiMemoryGameView.swift in Sources */ = {isa = PBXBuildFile; fileRef = 1BFC48DD2728AC1500C50CCD /* EmojiMemoryGameView.swift */; };
		1BFC48E02728AC1700C50CCD /* Assets.xcassets in Resources */ = {isa = PBXBuildFile; fileRef = 1BFC48DF2728AC1700C50CCD /* Assets.xcassets */; };
		1BFC48E32728AC1700C50CCD /* Preview Assets.xcassets in Resources */ = {isa = PBXBuildFile; fileRef = 1BFC48E22728AC1700C50CCD /* Preview Assets.xcassets */; };
		1BFC48EA272B216200C50CCD /* MemoryGame.swift in Sources */ = {isa = PBXBuildFile; fileRef = 1BFC48E9272B216100C50CCD /* MemoryGame.swift */; };
		1BFC48EC272B261900C50CCD /* EmojiMemoryGame.swift in Sources */ = {isa = PBXBuildFile; fileRef = 1BFC48EB272B261900C50CCD /* EmojiMemoryGame.swift */; };
/* End PBXBuildFile section */

/* Begin PBXFileReference section */
		1B2C39802731EDD7001BA105 /* Pie.swift */ = {isa = PBXFileReference; lastKnownFileType = sourcecode.swift; path = Pie.swift; sourceTree = "<group>"; };
		1B2C3982273208DA001BA105 /* Cardify.swift */ = {isa = PBXFileReference; lastKnownFileType = sourcecode.swift; path = Cardify.swift; sourceTree = "<group>"; };
		1B4948752730B7DB00F30800 /* AspectVGrid.swift */ = {isa = PBXFileReference; lastKnownFileType = sourcecode.swift; path = AspectVGrid.swift; sourceTree = "<group>"; };
		1BFC48D82728AC1500C50CCD /* Memoization.app */ = {isa = PBXFileReference; explicitFileType = wrapper.application; includeInIndex = 0; path = Memoization.app; sourceTree = BUILT_PRODUCTS_DIR; };
		1BFC48DB2728AC1500C50CCD /* MemoizationApp.swift */ = {isa = PBXFileReference; lastKnownFileType = sourcecode.swift; path = MemoizationApp.swift; sourceTree = "<group>"; };
		1BFC48DD2728AC1500C50CCD /* EmojiMemoryGameView.swift */ = {isa = PBXFileReference; lastKnownFileType = sourcecode.swift; path = EmojiMemoryGameView.swift; sourceTree = "<group>"; };
		1BFC48DF2728AC1700C50CCD /* Assets.xcassets */ = {isa = PBXFileReference; lastKnownFileType = folder.assetcatalog; path = Assets.xcassets; sourceTree = "<group>"; };
		1BFC48E22728AC1700C50CCD /* Preview Assets.xcassets */ = {isa = PBXFileReference; lastKnownFileType = folder.assetcatalog; path = "Preview Assets.xcassets"; sourceTree = "<group>"; };
		1BFC48E9272B216100C50CCD /* MemoryGame.swift */ = {isa = PBXFileReference; lastKnownFileType = sourcecode.swift; path = MemoryGame.swift; sourceTree = "<group>"; };
		1BFC48EB272B261900C50CCD /* EmojiMemoryGame.swift */ = {isa = PBXFileReference; lastKnownFileType = sourcecode.swift; path = EmojiMemoryGame.swift; sourceTree = "<group>"; };
/* End PBXFileReference section */

/* Begin PBXFrameworksBuildPhase section */
		1BFC48D52728AC1500C50CCD /* Frameworks */ = {
			isa = PBXFrameworksBuildPhase;
			buildActionMask = 2147483647;
			files = (
			);
			runOnlyForDeploymentPostprocessing = 0;
		};
/* End PBXFrameworksBuildPhase section */

/* Begin PBXGroup section */
		1BFC48CF2728AC1500C50CCD = {
			isa = PBXGroup;
			children = (
				1BFC48DA2728AC1500C50CCD /* Memoization */,
				1BFC48D92728AC1500C50CCD /* Products */,
			);
			sourceTree = "<group>";
		};
		1BFC48D92728AC1500C50CCD /* Products */ = {
			isa = PBXGroup;
			children = (
				1BFC48D82728AC1500C50CCD /* Memoization.app */,
			);
			name = Products;
			sourceTree = "<group>";
		};
		1BFC48DA2728AC1500C50CCD /* Memoization */ = {
			isa = PBXGroup;
			children = (
				1BFC48E9272B216100C50CCD /* MemoryGame.swift */,
				1B2C39802731EDD7001BA105 /* Pie.swift */,
				1BFC48EB272B261900C50CCD /* EmojiMemoryGame.swift */,
				1BFC48DB2728AC1500C50CCD /* MemoizationApp.swift */,
				1BFC48DD2728AC1500C50CCD /* EmojiMemoryGameView.swift */,
				1B2C3982273208DA001BA105 /* Cardify.swift */,
				1B4948752730B7DB00F30800 /* AspectVGrid.swift */,
				1BFC48DF2728AC1700C50CCD /* Assets.xcassets */,
				1BFC48E12728AC1700C50CCD /* Preview Content */,
			);
			path = Memoization;
			sourceTree = "<group>";
		};
		1BFC48E12728AC1700C50CCD /* Preview Content */ = {
			isa = PBXGroup;
			children = (
				1BFC48E22728AC1700C50CCD /* Preview Assets.xcassets */,
			);
			path = "Preview Content";
			sourceTree = "<group>";
		};
/* End PBXGroup section */

/* Begin PBXNativeTarget section */
		1BFC48D72728AC1500C50CCD /* Memoization */ = {
			isa = PBXNativeTarget;
			buildConfigurationList = 1BFC48E62728AC1700C50CCD /* Build configuration list for PBXNativeTarget "Memoization" */;
			buildPhases = (
				1BFC48D42728AC1500C50CCD /* Sources */,
				1BFC48D52728AC1500C50CCD /* Frameworks */,
				1BFC48D62728AC1500C50CCD /* Resources */,
			);
			buildRules = (
			);
			dependencies = (
			);
			name = Memoization;
			productName = Memoization;
			productReference = 1BFC48D82728AC1500C50CCD /* Memoization.app */;
			productType = "com.apple.product-type.application";
		};
/* End PBXNativeTarget section */

/* Begin PBXProject section */
		1BFC48D02728AC1500C50CCD /* Project object */ = {
			isa = PBXProject;
			attributes = {
				BuildIndependentTargetsInParallel = 1;
				LastSwiftUpdateCheck = 1310;
				LastUpgradeCheck = 1310;
				TargetAttributes = {
					1BFC48D72728AC1500C50CCD = {
						CreatedOnToolsVersion = 13.1;
					};
				};
			};
			buildConfigurationList = 1BFC48D32728AC1500C50CCD /* Build configuration list for PBXProject "Memoization" */;
			compatibilityVersion = "Xcode 13.0";
			developmentRegion = en;
			hasScannedForEncodings = 0;
			knownRegions = (
				en,
				Base,
			);
			mainGroup = 1BFC48CF2728AC1500C50CCD;
			productRefGroup = 1BFC48D92728AC1500C50CCD /* Products */;
			projectDirPath = "";
			projectRoot = "";
			targets = (
				1BFC48D72728AC1500C50CCD /* Memoization */,
			);
		};
/* End PBXProject section */

/* Begin PBXResourcesBuildPhase section */
		1BFC48D62728AC1500C50CCD /* Resources */ = {
			isa = PBXResourcesBuildPhase;
			buildActionMask = 2147483647;
			files = (
				1BFC48E32728AC1700C50CCD /* Preview Assets.xcassets in Resources */,
				1BFC48E02728AC1700C50CCD /* Assets.xcassets in Resources */,
			);
			runOnlyForDeploymentPostprocessing = 0;
		};
/* End PBXResourcesBuildPhase section */

/* Begin PBXSourcesBuildPhase section */
		1BFC48D42728AC1500C50CCD /* Sources */ = {
			isa = PBXSourcesBuildPhase;
			buildActionMask = 2147483647;
			files = (
				1B2C39812731EDD7001BA105 /* Pie.swift in Sources */,
				1B2C3983273208DA001BA105 /* Cardify.swift in Sources */,
				1BFC48EA272B216200C50CCD /* MemoryGame.swift in Sources */,
				1BFC48EC272B261900C50CCD /* EmojiMemoryGame.swift in Sources */,
				1BFC48DE2728AC1500C50CCD /* EmojiMemoryGameView.swift in Sources */,
				1B4948762730B7DB00F30800 /* AspectVGrid.swift in Sources */,
				1BFC48DC2728AC1500C50CCD /* MemoizationApp.swift in Sources */,
			);
			runOnlyForDeploymentPostprocessing = 0;
		};
/* End PBXSourcesBuildPhase section */

/* Begin XCBuildConfiguration section */
		1BFC48E42728AC1700C50CCD /* Debug */ = {
			isa = XCBuildConfiguration;
			buildSettings = {
				ALWAYS_SEARCH_USER_PATHS = NO;
				CLANG_ANALYZER_NONNULL = YES;
				CLANG_ANALYZER_NUMBER_OBJECT_CONVERSION = YES_AGGRESSIVE;
				CLANG_CXX_LANGUAGE_STANDARD = "gnu++17";
				CLANG_CXX_LIBRARY = "libc++";
				CLANG_ENABLE_MODULES = YES;
				CLANG_ENABLE_OBJC_ARC = YES;
				CLANG_ENABLE_OBJC_WEAK = YES;
				CLANG_WARN_BLOCK_CAPTURE_AUTORELEASING = YES;
				CLANG_WARN_BOOL_CONVERSION = YES;
				CLANG_WARN_COMMA = YES;
				CLANG_WARN_CONSTANT_CONVERSION = YES;
				CLANG_WARN_DEPRECATED_OBJC_IMPLEMENTATIONS = YES;
				CLANG_WARN_DIRECT_OBJC_ISA_USAGE = YES_ERROR;
				CLANG_WARN_DOCUMENTATION_COMMENTS = YES;
				CLANG_WARN_EMPTY_BODY = YES;
				CLANG_WARN_ENUM_CONVERSION = YES;
				CLANG_WARN_INFINITE_RECURSION = YES;
				CLANG_WARN_INT_CONVERSION = YES;
				CLANG_WARN_NON_LITERAL_NULL_CONVERSION = YES;
				CLANG_WARN_OBJC_IMPLICIT_RETAIN_SELF = YES;
				CLANG_WARN_OBJC_LITERAL_CONVERSION = YES;
				CLANG_WARN_OBJC_ROOT_CLASS = YES_ERROR;
				CLANG_WARN_QUOTED_INCLUDE_IN_FRAMEWORK_HEADER = YES;
				CLANG_WARN_RANGE_LOOP_ANALYSIS = YES;
				CLANG_WARN_STRICT_PROTOTYPES = YES;
				CLANG_WARN_SUSPICIOUS_MOVE = YES;
				CLANG_WARN_UNGUARDED_AVAILABILITY = YES_AGGRESSIVE;
				CLANG_WARN_UNREACHABLE_CODE = YES;
				CLANG_WARN__DUPLICATE_METHOD_MATCH = YES;
				COPY_PHASE_STRIP = NO;
				DEBUG_INFORMATION_FORMAT = dwarf;
				ENABLE_STRICT_OBJC_MSGSEND = YES;
				ENABLE_TESTABILITY = YES;
				GCC_C_LANGUAGE_STANDARD = gnu11;
				GCC_DYNAMIC_NO_PIC = NO;
				GCC_NO_COMMON_BLOCKS = YES;
				GCC_OPTIMIZATION_LEVEL = 0;
				GCC_PREPROCESSOR_DEFINITIONS = (
					"DEBUG=1",
					"$(inherited)",
				);
				GCC_WARN_64_TO_32_BIT_CONVERSION = YES;
				GCC_WARN_ABOUT_RETURN_TYPE = YES_ERROR;
				GCC_WARN_UNDECLARED_SELECTOR = YES;
				GCC_WARN_UNINITIALIZED_AUTOS = YES_AGGRESSIVE;
				GCC_WARN_UNUSED_FUNCTION = YES;
				GCC_WARN_UNUSED_VARIABLE = YES;
				IPHONEOS_DEPLOYMENT_TARGET = 15.0;
				MTL_ENABLE_DEBUG_INFO = INCLUDE_SOURCE;
				MTL_FAST_MATH = YES;
				ONLY_ACTIVE_ARCH = YES;
				SDKROOT = iphoneos;
				SWIFT_ACTIVE_COMPILATION_CONDITIONS = DEBUG;
				SWIFT_OPTIMIZATION_LEVEL = "-Onone";
			};
			name = Debug;
		};
		1BFC48E52728AC1700C50CCD /* Release */ = {
			isa = XCBuildConfiguration;
			buildSettings = {
				ALWAYS_SEARCH_USER_PATHS = NO;
				CLANG_ANALYZER_NONNULL = YES;
				CLANG_ANALYZER_NUMBER_OBJECT_CONVERSION = YES_AGGRESSIVE;
				CLANG_CXX_LANGUAGE_STANDARD = "gnu++17";
				CLANG_CXX_LIBRARY = "libc++";
				CLANG_ENABLE_MODULES = YES;
				CLANG_ENABLE_OBJC_ARC = YES;
				CLANG_ENABLE_OBJC_WEAK = YES;
				CLANG_WARN_BLOCK_CAPTURE_AUTORELEASING = YES;
				CLANG_WARN_BOOL_CONVERSION = YES;
				CLANG_WARN_COMMA = YES;
				CLANG_WARN_CONSTANT_CONVERSION = YES;
				CLANG_WARN_DEPRECATED_OBJC_IMPLEMENTATIONS = YES;
				CLANG_WARN_DIRECT_OBJC_ISA_USAGE = YES_ERROR;
				CLANG_WARN_DOCUMENTATION_COMMENTS = YES;
				CLANG_WARN_EMPTY_BODY = YES;
				CLANG_WARN_ENUM_CONVERSION = YES;
				CLANG_WARN_INFINITE_RECURSION = YES;
				CLANG_WARN_INT_CONVERSION = YES;
				CLANG_WARN_NON_LITERAL_NULL_CONVERSION = YES;
				CLANG_WARN_OBJC_IMPLICIT_RETAIN_SELF = YES;
				CLANG_WARN_OBJC_LITERAL_CONVERSION = YES;
				CLANG_WARN_OBJC_ROOT_CLASS = YES_ERROR;
				CLANG_WARN_QUOTED_INCLUDE_IN_FRAMEWORK_HEADER = YES;
				CLANG_WARN_RANGE_LOOP_ANALYSIS = YES;
				CLANG_WARN_STRICT_PROTOTYPES = YES;
				CLANG_WARN_SUSPICIOUS_MOVE = YES;
				CLANG_WARN_UNGUARDED_AVAILABILITY = YES_AGGRESSIVE;
				CLANG_WARN_UNREACHABLE_CODE = YES;
				CLANG_WARN__DUPLICATE_METHOD_MATCH = YES;
				COPY_PHASE_STRIP = NO;
				DEBUG_INFORMATION_FORMAT = "dwarf-with-dsym";
				ENABLE_NS_ASSERTIONS = NO;
				ENABLE_STRICT_OBJC_MSGSEND = YES;
				GCC_C_LANGUAGE_STANDARD = gnu11;
				GCC_NO_COMMON_BLOCKS = YES;
				GCC_WARN_64_TO_32_BIT_CONVERSION = YES;
				GCC_WARN_ABOUT_RETURN_TYPE = YES_ERROR;
				GCC_WARN_UNDECLARED_SELECTOR = YES;
				GCC_WARN_UNINITIALIZED_AUTOS = YES_AGGRESSIVE;
				GCC_WARN_UNUSED_FUNCTION = YES;
				GCC_WARN_UNUSED_VARIABLE = YES;
				IPHONEOS_DEPLOYMENT_TARGET = 15.0;
				MTL_ENABLE_DEBUG_INFO = NO;
				MTL_FAST_MATH = YES;
				SDKROOT = iphoneos;
				SWIFT_COMPILATION_MODE = wholemodule;
				SWIFT_OPTIMIZATION_LEVEL = "-O";
				VALIDATE_PRODUCT = YES;
			};
			name = Release;
		};
		1BFC48E72728AC1700C50CCD /* Debug */ = {
			isa = XCBuildConfiguration;
			buildSettings = {
				ASSETCATALOG_COMPILER_APPICON_NAME = AppIcon;
				ASSETCATALOG_COMPILER_GLOBAL_ACCENT_COLOR_NAME = AccentColor;
				CODE_SIGN_STYLE = Automatic;
				CURRENT_PROJECT_VERSION = 1;
				DEVELOPMENT_ASSET_PATHS = "\"Memoization/Preview Content\"";
				DEVELOPMENT_TEAM = 8UPAQ5L72Z;
				ENABLE_PREVIEWS = YES;
				GENERATE_INFOPLIST_FILE = YES;
				INFOPLIST_KEY_UIApplicationSceneManifest_Generation = YES;
				INFOPLIST_KEY_UIApplicationSupportsIndirectInputEvents = YES;
				INFOPLIST_KEY_UILaunchScreen_Generation = YES;
				INFOPLIST_KEY_UISupportedInterfaceOrientations_iPad = "UIInterfaceOrientationPortrait UIInterfaceOrientationPortraitUpsideDown UIInterfaceOrientationLandscapeLeft UIInterfaceOrientationLandscapeRight";
				INFOPLIST_KEY_UISupportedInterfaceOrientations_iPhone = "UIInterfaceOrientationPortrait UIInterfaceOrientationLandscapeLeft UIInterfaceOrientationLandscapeRight";
				LD_RUNPATH_SEARCH_PATHS = (
					"$(inherited)",
					"@executable_path/Frameworks",
				);
				MARKETING_VERSION = 1.0;
				PRODUCT_BUNDLE_IDENTIFIER = com.franksu.Memoization;
				PRODUCT_NAME = "$(TARGET_NAME)";
				SWIFT_EMIT_LOC_STRINGS = YES;
				SWIFT_VERSION = 5.0;
				TARGETED_DEVICE_FAMILY = "1,2";
			};
			name = Debug;
		};
		1BFC48E82728AC1700C50CCD /* Release */ = {
			isa = XCBuildConfiguration;
			buildSettings = {
				ASSETCATALOG_COMPILER_APPICON_NAME = AppIcon;
				ASSETCATALOG_COMPILER_GLOBAL_ACCENT_COLOR_NAME = AccentColor;
				CODE_SIGN_STYLE = Automatic;
				CURRENT_PROJECT_VERSION = 1;
				DEVELOPMENT_ASSET_PATHS = "\"Memoization/Preview Content\"";
				DEVELOPMENT_TEAM = 8UPAQ5L72Z;
				ENABLE_PREVIEWS = YES;
				GENERATE_INFOPLIST_FILE = YES;
				INFOPLIST_KEY_UIApplicationSceneManifest_Generation = YES;
				INFOPLIST_KEY_UIApplicationSupportsIndirectInputEvents = YES;
				INFOPLIST_KEY_UILaunchScreen_Generation = YES;
				INFOPLIST_KEY_UISupportedInterfaceOrientations_iPad = "UIInterfaceOrientationPortrait UIInterfaceOrientationPortraitUpsideDown UIInterfaceOrientationLandscapeLeft UIInterfaceOrientationLandscapeRight";
				INFOPLIST_KEY_UISupportedInterfaceOrientations_iPhone = "UIInterfaceOrientationPortrait UIInterfaceOrientationLandscapeLeft UIInterfaceOrientationLandscapeRight";
				LD_RUNPATH_SEARCH_PATHS = (
					"$(inherited)",
					"@executable_path/Frameworks",
				);
				MARKETING_VERSION = 1.0;
				PRODUCT_BUNDLE_IDENTIFIER = com.franksu.Memoization;
				PRODUCT_NAME = "$(TARGET_NAME)";
				SWIFT_EMIT_LOC_STRINGS = YES;
				SWIFT_VERSION = 5.0;
				TARGETED_DEVICE_FAMILY = "1,2";
			};
			name = Release;
		};
/* End XCBuildConfiguration section */

/* Begin XCConfigurationList section */
		1BFC48D32728AC1500C50CCD /* Build configuration list for PBXProject "Memoization" */ = {
			isa = XCConfigurationList;
			buildConfigurations = (
				1BFC48E42728AC1700C50CCD /* Debug */,
				1BFC48E52728AC1700C50CCD /* Release */,
			);
			defaultConfigurationIsVisible = 0;
			defaultConfigurationName = Release;
		};
		1BFC48E62728AC1700C50CCD /* Build configuration list for PBXNativeTarget "Memoization" */ = {
			isa = XCConfigurationList;
			buildConfigurations = (
				1BFC48E72728AC1700C50CCD /* Debug */,
				1BFC48E82728AC1700C50CCD /* Release */,
			);
			defaultConfigurationIsVisible = 0;
			defaultConfigurationName = Release;
		};
/* End XCConfigurationList section */
	};
	rootObject = 1BFC48D02728AC1500C50CCD /* Project object */;
}
